
Microsoft Visual Studio Solution File, Format Version 12.00
# Visual Studio Version 16
VisualStudioVersion = 16.0.30011.22
MinimumVisualStudioVersion = 10.0.40219.1
Project("{2150E333-8FDC-42A3-9474-1A3956D46DE8}") = "Services", "Services", "{DE56B138-0CE2-421C-B5A2-A789E1344ACE}"
EndProject
Project("{2150E333-8FDC-42A3-9474-1A3956D46DE8}") = "BookCatalog", "BookCatalog", "{080F116F-11BC-4AED-B80A-0FC2A784DFBB}"
EndProject
Project("{FAE04EC0-301F-11D3-BF4B-00C04F79EFBC}") = "BookCatalog.Domain", "BookCatalog,Domain\BookCatalog.Domain.csproj", "{6B23D9A8-EE72-434D-9D84-1789D34A76DE}"
EndProject
Project("{FAE04EC0-301F-11D3-BF4B-00C04F79EFBC}") = "BookCatalog.Infrastructure", "BookCatalog.Infrastructure\BookCatalog.Infrastructure.csproj", "{0E1DDCE0-0018-4A2A-BBE1-04F8DFA0CF4F}"
EndProject
Project("{FAE04EC0-301F-11D3-BF4B-00C04F79EFBC}") = "BookCatalog.Application", "BookCatalog.Application\BookCatalog.Application.csproj", "{2462650A-458D-4ADE-98D8-B8EDA3665AF5}"
EndProject
Project("{2150E333-8FDC-42A3-9474-1A3956D46DE8}") = "tests", "tests", "{B3E617B6-D7C7-4EC5-8973-A23FA11E934C}"
EndProject
Project("{FAE04EC0-301F-11D3-BF4B-00C04F79EFBC}") = "BookCatalog.UnitTests", "BookCatalog.UnitTests\BookCatalog.UnitTests.csproj", "{6084EBE2-2D76-47BE-8344-31951A23397A}"
EndProject
Project("{FAE04EC0-301F-11D3-BF4B-00C04F79EFBC}") = "BookCatalog.Infrastructure.AzureTable", "BookCatalog.Infrastructure.AzureTable\BookCatalog.Infrastructure.AzureTable.csproj", "{94C37F87-4F5A-4F6B-94E8-980987DEF165}"
EndProject
Global
	GlobalSection(SolutionConfigurationPlatforms) = preSolution
		Debug|Any CPU = Debug|Any CPU
		Release|Any CPU = Release|Any CPU
	EndGlobalSection
	GlobalSection(ProjectConfigurationPlatforms) = postSolution
		{6B23D9A8-EE72-434D-9D84-1789D34A76DE}.Debug|Any CPU.ActiveCfg = Debug|Any CPU
		{6B23D9A8-EE72-434D-9D84-1789D34A76DE}.Debug|Any CPU.Build.0 = Debug|Any CPU
		{6B23D9A8-EE72-434D-9D84-1789D34A76DE}.Release|Any CPU.ActiveCfg = Release|Any CPU
		{6B23D9A8-EE72-434D-9D84-1789D34A76DE}.Release|Any CPU.Build.0 = Release|Any CPU
		{0E1DDCE0-0018-4A2A-BBE1-04F8DFA0CF4F}.Debug|Any CPU.ActiveCfg = Debug|Any CPU
		{0E1DDCE0-0018-4A2A-BBE1-04F8DFA0CF4F}.Debug|Any CPU.Build.0 = Debug|Any CPU
		{0E1DDCE0-0018-4A2A-BBE1-04F8DFA0CF4F}.Release|Any CPU.ActiveCfg = Release|Any CPU
		{0E1DDCE0-0018-4A2A-BBE1-04F8DFA0CF4F}.Release|Any CPU.Build.0 = Release|Any CPU
		{2462650A-458D-4ADE-98D8-B8EDA3665AF5}.Debug|Any CPU.ActiveCfg = Debug|Any CPU
		{2462650A-458D-4ADE-98D8-B8EDA3665AF5}.Debug|Any CPU.Build.0 = Debug|Any CPU
		{2462650A-458D-4ADE-98D8-B8EDA3665AF5}.Release|Any CPU.ActiveCfg = Release|Any CPU
		{2462650A-458D-4ADE-98D8-B8EDA3665AF5}.Release|Any CPU.Build.0 = Release|Any CPU
		{6084EBE2-2D76-47BE-8344-31951A23397A}.Debug|Any CPU.ActiveCfg = Debug|Any CPU
		{6084EBE2-2D76-47BE-8344-31951A23397A}.Debug|Any CPU.Build.0 = Debug|Any CPU
		{6084EBE2-2D76-47BE-8344-31951A23397A}.Release|Any CPU.ActiveCfg = Release|Any CPU
		{6084EBE2-2D76-47BE-8344-31951A23397A}.Release|Any CPU.Build.0 = Release|Any CPU
		{94C37F87-4F5A-4F6B-94E8-980987DEF165}.Debug|Any CPU.ActiveCfg = Debug|Any CPU
		{94C37F87-4F5A-4F6B-94E8-980987DEF165}.Debug|Any CPU.Build.0 = Debug|Any CPU
		{94C37F87-4F5A-4F6B-94E8-980987DEF165}.Release|Any CPU.ActiveCfg = Release|Any CPU
		{94C37F87-4F5A-4F6B-94E8-980987DEF165}.Release|Any CPU.Build.0 = Release|Any CPU
	EndGlobalSection
	GlobalSection(SolutionProperties) = preSolution
		HideSolutionNode = FALSE
	EndGlobalSection
	GlobalSection(NestedProjects) = preSolution
		{080F116F-11BC-4AED-B80A-0FC2A784DFBB} = {DE56B138-0CE2-421C-B5A2-A789E1344ACE}
		{6B23D9A8-EE72-434D-9D84-1789D34A76DE} = {080F116F-11BC-4AED-B80A-0FC2A784DFBB}
		{0E1DDCE0-0018-4A2A-BBE1-04F8DFA0CF4F} = {080F116F-11BC-4AED-B80A-0FC2A784DFBB}
		{2462650A-458D-4ADE-98D8-B8EDA3665AF5} = {080F116F-11BC-4AED-B80A-0FC2A784DFBB}
		{B3E617B6-D7C7-4EC5-8973-A23FA11E934C} = {080F116F-11BC-4AED-B80A-0FC2A784DFBB}
		{6084EBE2-2D76-47BE-8344-31951A23397A} = {B3E617B6-D7C7-4EC5-8973-A23FA11E934C}
		{94C37F87-4F5A-4F6B-94E8-980987DEF165} = {080F116F-11BC-4AED-B80A-0FC2A784DFBB}
	EndGlobalSection
	GlobalSection(ExtensibilityGlobals) = postSolution
		SolutionGuid = {83725C02-1902-404E-91A7-47C75E4317A0}
	EndGlobalSection
EndGlobal
